# THIS IS AN AUTOGENERATED FILE. DO NOT EDIT THIS FILE DIRECTLY.
# yarn lockfile v1


"@abp/aspnetcore.mvc.ui.theme.shared@~9.0.0-rc.3":
  version "9.0.0-rc.3"
  resolved "https://registry.yarnpkg.com/@abp/aspnetcore.mvc.ui.theme.shared/-/aspnetcore.mvc.ui.theme.shared-9.0.0-rc.3.tgz#77adb405e7db154b5fdb6790e0a83615489f4d71"
  integrity sha512-+J8ttWOOrY5+psTGtELCok8mgvMVcZW2FXudiNHcEMhpU2kMpbXaIXUysmpQI1KFTEcvcdpV38tRKGkub04LaQ==
  dependencies:
    "@abp/aspnetcore.mvc.ui" "~9.0.0-rc.3"
    "@abp/bootstrap" "~9.0.0-rc.3"
    "@abp/bootstrap-datepicker" "~9.0.0-rc.3"
    "@abp/bootstrap-daterangepicker" "~9.0.0-rc.3"
    "@abp/datatables.net-bs5" "~9.0.0-rc.3"
    "@abp/font-awesome" "~9.0.0-rc.3"
    "@abp/jquery-form" "~9.0.0-rc.3"
    "@abp/jquery-validation-unobtrusive" "~9.0.0-rc.3"
    "@abp/lodash" "~9.0.0-rc.3"
    "@abp/luxon" "~9.0.0-rc.3"
    "@abp/malihu-custom-scrollbar-plugin" "~9.0.0-rc.3"
    "@abp/moment" "~9.0.0-rc.3"
    "@abp/select2" "~9.0.0-rc.3"
    "@abp/sweetalert2" "~9.0.0-rc.3"
    "@abp/timeago" "~9.0.0-rc.3"
    "@abp/toastr" "~9.0.0-rc.3"

"@abp/aspnetcore.mvc.ui@~9.0.0-rc.3":
  version "9.0.0-rc.3"
  resolved "https://registry.yarnpkg.com/@abp/aspnetcore.mvc.ui/-/aspnetcore.mvc.ui-9.0.0-rc.3.tgz#e82ee076446d25547cc7ad9f680e2bc6008463f8"
  integrity sha512-7ZmNtxRGq0AbDq8zsSChwPMJ8sgN7cj0wi/gM3jMnfPWlhdePyWtbpbzU4BIM0Lzo1L41b7LW79Q6yUfLoPyGg==
  dependencies:
    ansi-colors "^4.1.3"

"@abp/bootstrap-datepicker@~9.0.0-rc.3":
  version "9.0.0-rc.3"
  resolved "https://registry.yarnpkg.com/@abp/bootstrap-datepicker/-/bootstrap-datepicker-9.0.0-rc.3.tgz#e8a554ee833bd69fa8852999575405bca86f19b0"
  integrity sha512-q6SaGQPr2XAbU7oh533CdbCWYJ33caC46zDje0p5CnNn1pQFlc8wj/8hmMo60bX+O4J/yH6UY9fyEzsLscEBKg==
  dependencies:
    bootstrap-datepicker "^1.10.0"

"@abp/bootstrap-daterangepicker@~9.0.0-rc.3":
  version "9.0.0-rc.3"
  resolved "https://registry.yarnpkg.com/@abp/bootstrap-daterangepicker/-/bootstrap-daterangepicker-9.0.0-rc.3.tgz#2427c02ba607cab80035ec5b392c502b7e8776cc"
  integrity sha512-b7zpBF65biWpyuQJ9Ul5ucqXoNnlJbAPABvul3ALNNa2N/9oVqNALtaG96enpIBsEuhC2PFO1AvT2zuJpAMB6Q==
  dependencies:
    bootstrap-daterangepicker "^3.1.0"

"@abp/bootstrap@~9.0.0-rc.3":
  version "9.0.0-rc.3"
  resolved "https://registry.yarnpkg.com/@abp/bootstrap/-/bootstrap-9.0.0-rc.3.tgz#c560a70e938a321cade3257c5246e9b3c3d575d8"
  integrity sha512-cu+6DKI6ohm/nzglMoW6pIQBtecuViyzXEQ5G356rPosmCxkuXHyomZm857+96aJSipG4v0X2Bz42rbHhyZb4g==
  dependencies:
    "@abp/core" "~9.0.0-rc.3"
    bootstrap "^5.3.3"

"@abp/clipboard@~9.0.0-rc.3":
  version "9.0.0-rc.3"
  resolved "https://registry.yarnpkg.com/@abp/clipboard/-/clipboard-9.0.0-rc.3.tgz#523247491e62d4ac7b9a7e9e153f8715db71c1a5"
  integrity sha512-clCFLDRDDQGvxVBmKb7lcFudjd49fqemnnxVYYMpH3KqkdifKq6LuMiLusve4hVhSgJsElEHTE26DnbmjsaDnA==
  dependencies:
    "@abp/core" "~9.0.0-rc.3"
    clipboard "^2.0.11"

"@abp/core@~9.0.0-rc.3":
  version "9.0.0-rc.3"
  resolved "https://registry.yarnpkg.com/@abp/core/-/core-9.0.0-rc.3.tgz#452c99f5f46cffe0258cc87db6097db14f4e659b"
  integrity sha512-6fl8oqnFBgHe68VgZVunBaDkw4bmyWZOWPb4Z1IHaW0qr/uuTuWgrHOKS3/7gqPzJeL02TAvvp1i/9x/H9ymtg==
  dependencies:
    "@abp/utils" "~9.0.0-rc.3"

"@abp/datatables.net-bs5@~9.0.0-rc.3":
  version "9.0.0-rc.3"
  resolved "https://registry.yarnpkg.com/@abp/datatables.net-bs5/-/datatables.net-bs5-9.0.0-rc.3.tgz#270e0222cd9ee3469452d6fbc65fe19865413d00"
  integrity sha512-BzCZjvFsRADUBbIZjFbnTBTSNsU3tUBAHQPwBkLdSszW7AdBnDddZOCfwMrWZ9URHqN7/qat9R5wtcZp13GzOw==
  dependencies:
    "@abp/datatables.net" "~9.0.0-rc.3"
    datatables.net-bs5 "^2.1.8"

"@abp/datatables.net@~9.0.0-rc.3":
  version "9.0.0-rc.3"
  resolved "https://registry.yarnpkg.com/@abp/datatables.net/-/datatables.net-9.0.0-rc.3.tgz#71d34ab2ab2325b95126d41d03b779ba7b337b51"
  integrity sha512-FdpVMQL2X7pLAhwd4vE2mMnHvnhH9ATHrC9JIV4zUbav3NrU0Z27ItkqvmZP9Xo7jILGvxbuU6Qcxo5CqNQYrA==
  dependencies:
    "@abp/jquery" "~9.0.0-rc.3"
    datatables.net "^2.1.8"

"@abp/font-awesome@~9.0.0-rc.3":
  version "9.0.0-rc.3"
  resolved "https://registry.yarnpkg.com/@abp/font-awesome/-/font-awesome-9.0.0-rc.3.tgz#b5711bba97228169da5e7f473c0c80487e0ec623"
  integrity sha512-iyockSqiypJIIHf7Txy/MZW7sHF6kfr+iI8saP4eJGmbeQvC+GtlnYjQX8fK23jnNTf+wwYqEPDxKyE+0B+4BQ==
  dependencies:
    "@abp/core" "~9.0.0-rc.3"
    "@fortawesome/fontawesome-free" "^6.6.0"

"@abp/highlight.js@~9.0.0-rc.3":
  version "9.0.0-rc.3"
  resolved "https://registry.yarnpkg.com/@abp/highlight.js/-/highlight.js-9.0.0-rc.3.tgz#65836d607e9055ee67ffba42d744af45e26ba0c9"
  integrity sha512-wEhIVm1k79mcpGBNa5BgUh62238nMs0wuI0jJHVElKdVJdpMo8zhLoTUAXnHfpUFeOo3narFQrUImZq/XCDbUg==
  dependencies:
    "@abp/core" "~9.0.0-rc.3"
    "@highlightjs/cdn-assets" "~11.10.0"

"@abp/jquery-form@~9.0.0-rc.3":
  version "9.0.0-rc.3"
  resolved "https://registry.yarnpkg.com/@abp/jquery-form/-/jquery-form-9.0.0-rc.3.tgz#cd63189df69291f847776312a58758b1ba923f9f"
  integrity sha512-Suz3IrV4XLKJNqpQe87/CYatxnNwHt0nIHaCBZXNuxQaXKqX+v65QndgZpBqdb4U7lrns8jQrXDWix4G3gNpxA==
  dependencies:
    "@abp/jquery" "~9.0.0-rc.3"
    jquery-form "^4.3.0"

"@abp/jquery-validation-unobtrusive@~9.0.0-rc.3":
  version "9.0.0-rc.3"
  resolved "https://registry.yarnpkg.com/@abp/jquery-validation-unobtrusive/-/jquery-validation-unobtrusive-9.0.0-rc.3.tgz#1cc08068acccdbad9d4d3d1346e11a6fbdc49d1b"
  integrity sha512-eKI5Fsav1EbWUPwJGcMQMcO5zitF3xminIwXDgpfQtl/QaZ3xjOniHX+3BfCLTiSLI6mvTSfssSRrUf1t1nixA==
  dependencies:
    "@abp/jquery-validation" "~9.0.0-rc.3"
    jquery-validation-unobtrusive "^4.0.0"

"@abp/jquery-validation@~9.0.0-rc.3":
  version "9.0.0-rc.3"
  resolved "https://registry.yarnpkg.com/@abp/jquery-validation/-/jquery-validation-9.0.0-rc.3.tgz#4082b79bf61d1747b9c4fc83effd4bed055c111d"
  integrity sha512-QWcnhylO8j1kGxixc3I3qheJtz1UH6EItKuhx7AhbIlNJcmaM31VfWEiBrxtc0Hb/HuZWkAxKBK98R9s4tR9yA==
  dependencies:
    "@abp/jquery" "~9.0.0-rc.3"
    jquery-validation "^1.21.0"

"@abp/jquery@~9.0.0-rc.3":
  version "9.0.0-rc.3"
  resolved "https://registry.yarnpkg.com/@abp/jquery/-/jquery-9.0.0-rc.3.tgz#43248ef05a2f7d056f68f4499d2863e7277355f8"
  integrity sha512-U+Slb3B0nvu6UbQavAPd9563EvbcRbFv82X1lIQi/eNZzydg5zzc8uSpGZnLkvzSyYq65hctI+GXEA7oH1JNTQ==
  dependencies:
    "@abp/core" "~9.0.0-rc.3"
    jquery "~3.7.1"

"@abp/lodash@~9.0.0-rc.3":
  version "9.0.0-rc.3"
  resolved "https://registry.yarnpkg.com/@abp/lodash/-/lodash-9.0.0-rc.3.tgz#15f994b97a01755851aa681ebdc8555a515698b2"
  integrity sha512-3I7rfsR2hGK/UOEe4EiHErFtclHgvyyc1KOhKLkLnSu5oSi3WlbE7iLsjy4aw4Gyw/d7Z59LXFVVlr9Rq0B/Ng==
  dependencies:
    "@abp/core" "~9.0.0-rc.3"
    lodash "^4.17.21"

"@abp/luxon@~9.0.0-rc.3":
  version "9.0.0-rc.3"
  resolved "https://registry.yarnpkg.com/@abp/luxon/-/luxon-9.0.0-rc.3.tgz#ce28988d69ba2ef3b85da17b3a9b971ec6740655"
  integrity sha512-8qOtq6OE1IHnA9BjWEy7iuXpj1H0ztF/RG19sB3AHqknqN8pnnvU1Hpn7ymgE4juOICeOkDUs5OjetX0I+isTA==
  dependencies:
    "@abp/core" "~9.0.0-rc.3"
    luxon "^3.5.0"

"@abp/malihu-custom-scrollbar-plugin@~9.0.0-rc.3":
  version "9.0.0-rc.3"
  resolved "https://registry.yarnpkg.com/@abp/malihu-custom-scrollbar-plugin/-/malihu-custom-scrollbar-plugin-9.0.0-rc.3.tgz#0ed936926e22730bc222f0f187e48ac558f7a2cf"
  integrity sha512-mKm/T1892H5zNS0otWnLZ9PZHSxRNK8iNKZV/DfGChHAaNEGSTexcAwSN7FebcqhgC6DltrXGRrDTpmqY/4hhw==
  dependencies:
    "@abp/core" "~9.0.0-rc.3"
    malihu-custom-scrollbar-plugin "^3.1.5"

"@abp/moment@~9.0.0-rc.3":
  version "9.0.0-rc.3"
  resolved "https://registry.yarnpkg.com/@abp/moment/-/moment-9.0.0-rc.3.tgz#f1fd459d0e8bd9fbea0b19e95b334cfd15357953"
  integrity sha512-1oE7SC6+OEj2RiGcQwzTKW0TZHdz54ZaJn+pGZSATLB58GTJt0axHVKqSZTteBsz5Y/2vnLF43BLErAwQqMFaA==
  dependencies:
    moment "^2.30.1"

"@abp/prismjs@~9.0.0-rc.3":
  version "9.0.0-rc.3"
  resolved "https://registry.yarnpkg.com/@abp/prismjs/-/prismjs-9.0.0-rc.3.tgz#05389b3303d3d82cce2f0bb4c90ad992f08e33e9"
  integrity sha512-EXZ+vr26D2hu5ognJBxKxJyaQaqbm2fI9/j4S9GSVp8mi6DC6zDS6grTYKUkcU7CoGIL+9+qXYVZOi7Wh0FoqA==
  dependencies:
    "@abp/clipboard" "~9.0.0-rc.3"
    "@abp/core" "~9.0.0-rc.3"
    prismjs "^1.29.0"

"@abp/select2@~9.0.0-rc.3":
  version "9.0.0-rc.3"
  resolved "https://registry.yarnpkg.com/@abp/select2/-/select2-9.0.0-rc.3.tgz#9ba30890c92b459a665386e48f5854e976a5f7c8"
  integrity sha512-by/f7lcgdOJUEMDtwXXRhJH3v2ZNNPewqVZaK5e3RV4atDUalm7hkWj74YyUuBhOG9WvqLcOqX5U9gWeLXofLg==
  dependencies:
    "@abp/core" "~9.0.0-rc.3"
    select2 "^4.0.13"

"@abp/sweetalert2@~9.0.0-rc.3":
  version "9.0.0-rc.3"
  resolved "https://registry.yarnpkg.com/@abp/sweetalert2/-/sweetalert2-9.0.0-rc.3.tgz#0f203177d375801a82868855c0cec4b39a91a94e"
  integrity sha512-yynHH/IV0O6zCi+RT/ztcEfSzXv9kC3tYqBMuJ3cEHsISGUKa9u+Ny/wwtls0KZML8fQi4l+OZGpDiRkH9UmpQ==
  dependencies:
    "@abp/core" "~9.0.0-rc.3"
    sweetalert2 "^11.14.1"

"@abp/timeago@~9.0.0-rc.3":
  version "9.0.0-rc.3"
  resolved "https://registry.yarnpkg.com/@abp/timeago/-/timeago-9.0.0-rc.3.tgz#edfb1f1036a84a8d33bee26959066ba67b2fa5d5"
  integrity sha512-ViKnXh/7brA0a3TwbP88WKnVL9NKJuJZvbRcRs7BgkGGDzUm+DVZ1qS0/SJLFhHHPLeiLpbxKju/7IjfmusYqA==
  dependencies:
    "@abp/jquery" "~9.0.0-rc.3"
    timeago "^1.6.7"

"@abp/toastr@~9.0.0-rc.3":
  version "9.0.0-rc.3"
  resolved "https://registry.yarnpkg.com/@abp/toastr/-/toastr-9.0.0-rc.3.tgz#07b0be821ec9c943d666115ecceaf1f791494534"
  integrity sha512-Ui6JOuiK69nsavzOftzIxxM7mDah2cFBAZ4eJ8Ztr2H2gCyATT5Jn5IXG+dU7ylVEfOHfAg/dAAQnRTMJp46+Q==
  dependencies:
    "@abp/jquery" "~9.0.0-rc.3"
    toastr "^2.1.4"

"@abp/utils@~9.0.0-rc.3":
  version "9.0.0-rc.3"
  resolved "https://registry.yarnpkg.com/@abp/utils/-/utils-9.0.0-rc.3.tgz#999d3a2324ad3997d4c412af70bd229a1d045f08"
  integrity sha512-mbGci5PmsCSN4N42oGUq5JgUcFrQ75PLuZymVqZPxjL8o8l9TmjvuyMOyl9isvcF+t2MsZl3d+DZ3bEnHqEaIg==
  dependencies:
    just-compare "^2.3.0"

"@fortawesome/fontawesome-free@^6.6.0":
  version "6.6.0"
  resolved "https://registry.yarnpkg.com/@fortawesome/fontawesome-free/-/fontawesome-free-6.6.0.tgz#0e984f0f2344ee513c185d87d77defac4c0c8224"
  integrity sha512-60G28ke/sXdtS9KZCpZSHHkCbdsOGEhIUGlwq6yhY74UpTiToIh8np7A8yphhM4BWsvNFtIvLpi4co+h9Mr9Ow==

"@highlightjs/cdn-assets@~11.10.0":
  version "11.10.0"
  resolved "https://registry.yarnpkg.com/@highlightjs/cdn-assets/-/cdn-assets-11.10.0.tgz#cbf79698d83eea89e5cde01fee40f1b7df46ad7f"
  integrity sha512-vWXpu+Rdm0YMJmugFdUiL/9DmgYjEiV+d5DBqlXdApnGPSIeo6+LRS5Hpx6fvVsKkvR4RsLYD9rQ6DOLkj7OKA==

ansi-colors@^4.1.3:
  version "4.1.3"
  resolved "https://registry.yarnpkg.com/ansi-colors/-/ansi-colors-4.1.3.tgz#37611340eb2243e70cc604cad35d63270d48781b"
  integrity sha512-/6w/C21Pm1A7aZitlI5Ni/2J6FFQN8i1Cvz3kHABAAbw93v/NlvKdVOqz7CCWz/3iv/JplRSEEZ83XION15ovw==

bootstrap-datepicker@^1.10.0:
  version "1.10.0"
  resolved "https://registry.yarnpkg.com/bootstrap-datepicker/-/bootstrap-datepicker-1.10.0.tgz#61612bbe8bf0a69a5bce32bbcdda93ebb6ccf24a"
  integrity sha512-lWxtSYddAQOpbAO8UhYhHLcK6425eWoSjb5JDvZU3ePHEPF6A3eUr51WKaFy4PccU19JRxUG6wEU3KdhtKfvpg==
  dependencies:
    jquery ">=3.4.0 <4.0.0"

bootstrap-daterangepicker@^3.1.0:
  version "3.1.0"
  resolved "https://registry.yarnpkg.com/bootstrap-daterangepicker/-/bootstrap-daterangepicker-3.1.0.tgz#632e6fb2de4b6360c5c0a9d5f6adb9aace051fe8"
  integrity sha512-oaQZx6ZBDo/dZNyXGVi2rx5GmFXThyQLAxdtIqjtLlYVaQUfQALl5JZMJJZzyDIX7blfy4ppZPAJ10g8Ma4d/g==
  dependencies:
    jquery ">=1.10"
    moment "^2.9.0"

bootstrap@^5.3.3:
  version "5.3.3"
  resolved "https://registry.yarnpkg.com/bootstrap/-/bootstrap-5.3.3.tgz#de35e1a765c897ac940021900fcbb831602bac38"
  integrity sha512-8HLCdWgyoMguSO9o+aH+iuZ+aht+mzW0u3HIMzVu7Srrpv7EBBxTnrFlSCskwdY1+EOFQSm7uMJhNQHkdPcmjg==

clipboard@^2.0.11:
  version "2.0.11"
  resolved "https://registry.yarnpkg.com/clipboard/-/clipboard-2.0.11.tgz#62180360b97dd668b6b3a84ec226975762a70be5"
  integrity sha512-C+0bbOqkezLIsmWSvlsXS0Q0bmkugu7jcfMIACB+RDEntIzQIkdr148we28AfSloQLRdZlYL/QYyrq05j/3Faw==
  dependencies:
    good-listener "^1.2.2"
    select "^1.1.2"
    tiny-emitter "^2.0.0"

datatables.net-bs5@^2.1.8:
  version "2.1.8"
  resolved "https://registry.yarnpkg.com/datatables.net-bs5/-/datatables.net-bs5-2.1.8.tgz#860717c4ee85ecb84812ba9a73fb1204aa2a68b6"
  integrity sha512-YlGws8eI3iw/1AmKJH18+YMzm/UgGb6o9s14KAC24QT1/8anolm8GnVAgGcwUcvHm3hn1i8A5QXqgbqeMRINeg==
  dependencies:
    datatables.net "2.1.8"
    jquery ">=1.7"

datatables.net@2.1.8, datatables.net@^2.1.8:
  version "2.1.8"
  resolved "https://registry.yarnpkg.com/datatables.net/-/datatables.net-2.1.8.tgz#9b020f18e927cc924d72411f62dc595cc688669b"
  integrity sha512-47ULt+U4bcjbuGTpTlT6SnCuSFVRBxxdWa6X3NfvTObBJ2BZU0o+JUIl05wQ6cABNIavjbAV51gpgvFsMHL9zA==
  dependencies:
    jquery ">=1.7"

delegate@^3.1.2:
  version "3.2.0"
  resolved "https://registry.yarnpkg.com/delegate/-/delegate-3.2.0.tgz#b66b71c3158522e8ab5744f720d8ca0c2af59166"
  integrity sha512-IofjkYBZaZivn0V8nnsMJGBr4jVLxHDheKSW88PyxS5QC4Vo9ZbZVvhzlSxY87fVq3STR6r+4cGepyHkcWOQSw==

good-listener@^1.2.2:
  version "1.2.2"
  resolved "https://registry.yarnpkg.com/good-listener/-/good-listener-1.2.2.tgz#d53b30cdf9313dffb7dc9a0d477096aa6d145c50"
  integrity sha512-goW1b+d9q/HIwbVYZzZ6SsTr4IgE+WA44A0GmPIQstuOrgsFcT7VEJ48nmr9GaRtNu0XTKacFLGnBPAM6Afouw==
  dependencies:
    delegate "^3.1.2"

jquery-form@^4.3.0:
  version "4.3.0"
  resolved "https://registry.yarnpkg.com/jquery-form/-/jquery-form-4.3.0.tgz#7d3961c314a1f2d15298f4af1d3943f54f4149c6"
  integrity sha512-q3uaVCEWdLOYUCI6dpNdwf/7cJFOsUgdpq6r0taxtGQ5NJSkOzofyWm4jpOuJ5YxdmL1FI5QR+q+HB63HHLGnQ==
  dependencies:
    jquery ">=1.7.2"

jquery-mousewheel@>=3.0.6:
  version "3.1.13"
  resolved "https://registry.yarnpkg.com/jquery-mousewheel/-/jquery-mousewheel-3.1.13.tgz#06f0335f16e353a695e7206bf50503cb523a6ee5"
  integrity sha512-GXhSjfOPyDemM005YCEHvzrEALhKDIswtxSHSR2e4K/suHVJKJxxRCGz3skPjNxjJjQa9AVSGGlYjv1M3VLIPg==

jquery-validation-unobtrusive@^4.0.0:
  version "4.0.0"
  resolved "https://registry.yarnpkg.com/jquery-validation-unobtrusive/-/jquery-validation-unobtrusive-4.0.0.tgz#dfcf25a558496a2c883db6021d10f5398d15f99d"
  integrity sha512-1ervYFFv6LX/rp7ktuLnMakHNG0piNRDyROI8Ir3hL1vPIwylAehB1AY3BPrYJnzW3WmwWryZq+Bz4sazZK9iQ==
  dependencies:
    jquery "^3.6.0"
    jquery-validation ">=1.19"

jquery-validation@>=1.19, jquery-validation@^1.21.0:
  version "1.21.0"
  resolved "https://registry.yarnpkg.com/jquery-validation/-/jquery-validation-1.21.0.tgz#78fc05ab76020912a246af3661b3f54a438bca93"
  integrity sha512-xNot0rlUIgu7duMcQ5qb6MGkGL/Z1PQaRJQoZAURW9+a/2PGOUxY36o/WyNeP2T9R6jvWB8Z9lUVvvQWI/Zs5w==

jquery@>=1.10, jquery@>=1.12.0, "jquery@>=1.5.0 <4.0", jquery@>=1.7, jquery@>=1.7.2, "jquery@>=3.4.0 <4.0.0", jquery@^3.6.0, jquery@~3.7.1:
  version "3.7.1"
  resolved "https://registry.yarnpkg.com/jquery/-/jquery-3.7.1.tgz#083ef98927c9a6a74d05a6af02806566d16274de"
  integrity sha512-m4avr8yL8kmFN8psrbFFFmB/If14iN5o9nw/NgnnM+kybDJpRsAynV2BsfpTYrTRysYUdADVD7CkUUizgkpLfg==

just-compare@^2.3.0:
  version "2.3.0"
  resolved "https://registry.yarnpkg.com/just-compare/-/just-compare-2.3.0.tgz#a2adcc1d1940536263275f5a1ef1298bcacfeda7"
  integrity sha512-6shoR7HDT+fzfL3gBahx1jZG3hWLrhPAf+l7nCwahDdT9XDtosB9kIF0ZrzUp5QY8dJWfQVr5rnsPqsbvflDzg==

lodash@^4.17.21:
  version "4.17.21"
  resolved "https://registry.yarnpkg.com/lodash/-/lodash-4.17.21.tgz#679591c564c3bffaae8454cf0b3df370c3d6911c"
  integrity sha512-v2kDEe57lecTulaDIuNTPy3Ry4gLGJ6Z1O3vE1krgXZNrsQ+LFTGHVxVjcXPs17LhbZVGedAJv8XZ1tvj5FvSg==

luxon@^3.5.0:
  version "3.5.0"
  resolved "https://registry.yarnpkg.com/luxon/-/luxon-3.5.0.tgz#6b6f65c5cd1d61d1fd19dbf07ee87a50bf4b8e20"
  integrity sha512-rh+Zjr6DNfUYR3bPwJEnuwDdqMbxZW7LOQfUN4B54+Cl+0o5zaU9RJ6bcidfDtC1cWCZXQ+nvX8bf6bAji37QQ==

malihu-custom-scrollbar-plugin@^3.1.5:
  version "3.1.5"
  resolved "https://registry.yarnpkg.com/malihu-custom-scrollbar-plugin/-/malihu-custom-scrollbar-plugin-3.1.5.tgz#310cecc5e59415a1c29e9dfb5d2b6e01d66a29ef"
  integrity sha512-lwW3LgI+CNDMPnP4ED2la6oYxWMkCXlnhex+s2wuOLhFDFGnGmQuTQVdRK9bvDLpxs10sGlfErVufJy9ztfgJQ==
  dependencies:
    jquery-mousewheel ">=3.0.6"

moment@^2.30.1, moment@^2.9.0:
  version "2.30.1"
  resolved "https://registry.yarnpkg.com/moment/-/moment-2.30.1.tgz#f8c91c07b7a786e30c59926df530b4eac96974ae"
  integrity sha512-uEmtNhbDOrWPFS+hdjFCBfy9f2YoyzRpwcl+DqpC6taX21FzsTLQVbMV/W7PzNSX6x/bhC1zA3c2UQ5NzH6how==

prismjs@^1.29.0:
  version "1.29.0"
  resolved "https://registry.yarnpkg.com/prismjs/-/prismjs-1.29.0.tgz#f113555a8fa9b57c35e637bba27509dcf802dd12"
  integrity sha512-Kx/1w86q/epKcmte75LNrEoT+lX8pBpavuAbvJWRXar7Hz8jrtF+e3vY751p0R8H9HdArwaCTNDDzHg/ScJK1Q==

select2@^4.0.13:
  version "4.0.13"
  resolved "https://registry.yarnpkg.com/select2/-/select2-4.0.13.tgz#0dbe377df3f96167c4c1626033e924372d8ef44d"
  integrity sha512-1JeB87s6oN/TDxQQYCvS5EFoQyvV6eYMZZ0AeA4tdFDYWN3BAGZ8npr17UBFddU0lgAt3H0yjX3X6/ekOj1yjw==

select@^1.1.2:
  version "1.1.2"
  resolved "https://registry.yarnpkg.com/select/-/select-1.1.2.tgz#0e7350acdec80b1108528786ec1d4418d11b396d"
  integrity sha512-OwpTSOfy6xSs1+pwcNrv0RBMOzI39Lp3qQKUTPVVPRjCdNa5JH/oPRiqsesIskK8TVgmRiHwO4KXlV2Li9dANA==

sweetalert2@^11.14.1:
  version "11.14.4"
  resolved "https://registry.yarnpkg.com/sweetalert2/-/sweetalert2-11.14.4.tgz#0186439674ea4f15991e41cea3af203ee497853c"
  integrity sha512-8QMzjxCuinwm18EK5AtYvuhP+lRMRxTWVXy8om9wGlULsXSI4TD29kyih3VYrSXMMBlD4EShFvNC7slhTC7j0w==

timeago@^1.6.7:
  version "1.6.7"
  resolved "https://registry.yarnpkg.com/timeago/-/timeago-1.6.7.tgz#afd467c29a911e697fc22a81888c7c3022783cb5"
  integrity sha512-FikcjN98+ij0siKH4VO4dZ358PR3oDDq4Vdl1+sN9gWz1/+JXGr3uZbUShYH/hL7bMhcTpPbplJU5Tej4b4jbQ==
  dependencies:
    jquery ">=1.5.0 <4.0"

tiny-emitter@^2.0.0:
  version "2.1.0"
  resolved "https://registry.yarnpkg.com/tiny-emitter/-/tiny-emitter-2.1.0.tgz#1d1a56edfc51c43e863cbb5382a72330e3555423"
  integrity sha512-NB6Dk1A9xgQPMoGqC5CVXn123gWyte215ONT5Pp5a0yt4nlEoO1ZWeCwpncaekPHXO60i47ihFnZPiRPjRMq4Q==

toastr@^2.1.4:
  version "2.1.4"
  resolved "https://registry.yarnpkg.com/toastr/-/toastr-2.1.4.tgz#8b43be64fb9d0c414871446f2db8e8ca4e95f181"
  integrity sha512-LIy77F5n+sz4tefMmFOntcJ6HL0Fv3k1TDnNmFZ0bU/GcvIIfy6eG2v7zQmMiYgaalAiUv75ttFrPn5s0gyqlA==
  dependencies:
    jquery ">=1.12.0"
